
Microsoft Visual Studio Solution File, Format Version 12.00
Project("{2150E333-8FDC-42A3-9474-1A3956D46DE8}") = "src", "src", "{A4346FEB-10A5-47FC-9C02-C52EDAB8B6B1}"
EndProject
Project("{2150E333-8FDC-42A3-9474-1A3956D46DE8}") = "BuildingBlocks", "BuildingBlocks", "{A2BD7102-EEF1-4FEF-B8B5-0AB0058BE811}"
EndProject
Project("{2150E333-8FDC-42A3-9474-1A3956D46DE8}") = "Autenticacao", "Autenticacao", "{8877A41D-09AB-4F31-AC3E-6D24D0A040B2}"
EndProject
Project("{2150E333-8FDC-42A3-9474-1A3956D46DE8}") = "Diario", "Diario", "{D1CB9B04-DFD6-4BB9-A0EA-8E13A26884E2}"
EndProject
Project("{2150E333-8FDC-42A3-9474-1A3956D46DE8}") = "Usuarios", "Usuarios", "{E18BEE80-2919-47CA-A2AB-CF0FBB45477D}"
EndProject
Project("{2150E333-8FDC-42A3-9474-1A3956D46DE8}") = "WebAPI", "WebAPI", "{3D0FEDB4-5B3E-494A-86E9-3AF9F5888F1A}"
EndProject
Project("{FAE04EC0-301F-11D3-BF4B-00C04F79EFBC}") = "Nibbler.Core", "src\BuildingBlocks\Nibbler.Core\Nibbler.Core.csproj", "{4EB7B230-9176-4415-AB99-A02489E48619}"
EndProject
Project("{FAE04EC0-301F-11D3-BF4B-00C04F79EFBC}") = "Nibbler.WebAPI.Core", "src\BuildingBlocks\Nibbler.WebAPI.Core\Nibbler.WebAPI.Core.csproj", "{6F400DD3-ADA0-4A16-B766-C5A48A6E84EC}"
EndProject
Global
	GlobalSection(SolutionConfigurationPlatforms) = preSolution
		Debug|Any CPU = Debug|Any CPU
		Release|Any CPU = Release|Any CPU
	EndGlobalSection
	GlobalSection(ProjectConfigurationPlatforms) = postSolution
		{4EB7B230-9176-4415-AB99-A02489E48619}.Debug|Any CPU.ActiveCfg = Debug|Any CPU
		{4EB7B230-9176-4415-AB99-A02489E48619}.Debug|Any CPU.Build.0 = Debug|Any CPU
		{4EB7B230-9176-4415-AB99-A02489E48619}.Release|Any CPU.ActiveCfg = Release|Any CPU
		{4EB7B230-9176-4415-AB99-A02489E48619}.Release|Any CPU.Build.0 = Release|Any CPU
		{6F400DD3-ADA0-4A16-B766-C5A48A6E84EC}.Debug|Any CPU.ActiveCfg = Debug|Any CPU
		{6F400DD3-ADA0-4A16-B766-C5A48A6E84EC}.Debug|Any CPU.Build.0 = Debug|Any CPU
		{6F400DD3-ADA0-4A16-B766-C5A48A6E84EC}.Release|Any CPU.ActiveCfg = Release|Any CPU
		{6F400DD3-ADA0-4A16-B766-C5A48A6E84EC}.Release|Any CPU.Build.0 = Release|Any CPU
	EndGlobalSection
	GlobalSection(NestedProjects) = preSolution
		{A2BD7102-EEF1-4FEF-B8B5-0AB0058BE811} = {A4346FEB-10A5-47FC-9C02-C52EDAB8B6B1}
		{8877A41D-09AB-4F31-AC3E-6D24D0A040B2} = {A4346FEB-10A5-47FC-9C02-C52EDAB8B6B1}
		{D1CB9B04-DFD6-4BB9-A0EA-8E13A26884E2} = {A4346FEB-10A5-47FC-9C02-C52EDAB8B6B1}
		{E18BEE80-2919-47CA-A2AB-CF0FBB45477D} = {A4346FEB-10A5-47FC-9C02-C52EDAB8B6B1}
		{3D0FEDB4-5B3E-494A-86E9-3AF9F5888F1A} = {A4346FEB-10A5-47FC-9C02-C52EDAB8B6B1}
		{4EB7B230-9176-4415-AB99-A02489E48619} = {A2BD7102-EEF1-4FEF-B8B5-0AB0058BE811}
		{6F400DD3-ADA0-4A16-B766-C5A48A6E84EC} = {A2BD7102-EEF1-4FEF-B8B5-0AB0058BE811}
	EndGlobalSection
EndGlobal
