
Microsoft Visual Studio Solution File, Format Version 12.00
Project("{2150E333-8FDC-42A3-9474-1A3956D46DE8}") = "src", "src", "{A4346FEB-10A5-47FC-9C02-C52EDAB8B6B1}"
EndProject
Project("{2150E333-8FDC-42A3-9474-1A3956D46DE8}") = "BuildingBlocks", "BuildingBlocks", "{A2BD7102-EEF1-4FEF-B8B5-0AB0058BE811}"
EndProject
Project("{2150E333-8FDC-42A3-9474-1A3956D46DE8}") = "Autenticacao", "Autenticacao", "{8877A41D-09AB-4F31-AC3E-6D24D0A040B2}"
EndProject
Project("{2150E333-8FDC-42A3-9474-1A3956D46DE8}") = "Diario", "Diario", "{D1CB9B04-DFD6-4BB9-A0EA-8E13A26884E2}"
EndProject
Project("{2150E333-8FDC-42A3-9474-1A3956D46DE8}") = "Usuarios", "Usuarios", "{E18BEE80-2919-47CA-A2AB-CF0FBB45477D}"
EndProject
Project("{2150E333-8FDC-42A3-9474-1A3956D46DE8}") = "WebAPI", "WebAPI", "{3D0FEDB4-5B3E-494A-86E9-3AF9F5888F1A}"
EndProject
Project("{FAE04EC0-301F-11D3-BF4B-00C04F79EFBC}") = "Nibbler.Core", "src\BuildingBlocks\Nibbler.Core\Nibbler.Core.csproj", "{4EB7B230-9176-4415-AB99-A02489E48619}"
EndProject
Project("{FAE04EC0-301F-11D3-BF4B-00C04F79EFBC}") = "Nibbler.WebAPI.Core", "src\BuildingBlocks\Nibbler.WebAPI.Core\Nibbler.WebAPI.Core.csproj", "{6F400DD3-ADA0-4A16-B766-C5A48A6E84EC}"
EndProject
Project("{FAE04EC0-301F-11D3-BF4B-00C04F79EFBC}") = "Nibbler.Diario.App", "src\Diario\Nibbler.Diario.App\Nibbler.Diario.App.csproj", "{ACA5C18B-E2C1-4BF8-8AED-B9A2008141E0}"
EndProject
Project("{FAE04EC0-301F-11D3-BF4B-00C04F79EFBC}") = "Nibbler.Diario.Infra", "src\Diario\Nibbler.Diario.Infra\Nibbler.Diario.Infra.csproj", "{FF317D51-2381-4F5B-BDFF-C12239643E39}"
EndProject
Project("{FAE04EC0-301F-11D3-BF4B-00C04F79EFBC}") = "Nibbler.Diario.Domain", "src\Diario\Nibbler.Diario.Domain\Nibbler.Diario.Domain.csproj", "{549C6C54-D85D-429D-BB33-46AA3FAF3BB5}"
EndProject
Project("{2150E333-8FDC-42A3-9474-1A3956D46DE8}") = "Tarefa", "Tarefa", "{DED1C9EE-EEF1-4115-B4EA-E2A775BE8C8E}"
EndProject
Project("{FAE04EC0-301F-11D3-BF4B-00C04F79EFBC}") = "Nibbler.Tarefa.Domain", "src\Tarefa\Nibbler.Tarefa.Domain\Nibbler.Tarefa.Domain.csproj", "{82F37ADC-977F-4D33-8AB0-7D79ECD76E2C}"
EndProject
Project("{FAE04EC0-301F-11D3-BF4B-00C04F79EFBC}") = "Nibbler.Tarefa.Infra", "src\Tarefa\Nibbler.Tarefa.Infra\Nibbler.Tarefa.Infra.csproj", "{C7F32FBB-C9A5-439B-A22D-940838FADDC0}"
EndProject
Project("{FAE04EC0-301F-11D3-BF4B-00C04F79EFBC}") = "Nibbler.Tarefa.App", "src\Tarefa\Nibbler.Tarefa.App\Nibbler.Tarefa.App.csproj", "{B0EAD0AB-EC9D-4606-95B7-C3F0D6DF9CF6}"
EndProject
Project("{FAE04EC0-301F-11D3-BF4B-00C04F79EFBC}") = "Nibbler.Usuario.App", "src\Usuarios\Nibbler.Usuario.App\Nibbler.Usuario.App.csproj", "{46130312-B306-4C06-9498-9C552E3788B4}"
EndProject
Project("{FAE04EC0-301F-11D3-BF4B-00C04F79EFBC}") = "Nibbler.Usuario.Domain", "src\Usuarios\Nibbler.Usuario.Domain\Nibbler.Usuario.Domain.csproj", "{F71413C2-0C2E-4E44-BF04-ECACC278049F}"
EndProject
Project("{FAE04EC0-301F-11D3-BF4B-00C04F79EFBC}") = "Nibbler.Usuario.Infra", "src\Usuarios\Nibbler.Usuario.Infra\Nibbler.Usuario.Infra.csproj", "{2248C59E-DD9F-459C-95A8-CBDB0F847D65}"
EndProject
Project("{FAE04EC0-301F-11D3-BF4B-00C04F79EFBC}") = "Nibbler.WebAPI", "src\WebAPI\Nibbler.WebAPI\Nibbler.WebAPI.csproj", "{BABAC025-0F17-46D5-9AB9-D4894C558A98}"
EndProject
Global
	GlobalSection(SolutionConfigurationPlatforms) = preSolution
		Debug|Any CPU = Debug|Any CPU
		Release|Any CPU = Release|Any CPU
	EndGlobalSection
	GlobalSection(ProjectConfigurationPlatforms) = postSolution
		{4EB7B230-9176-4415-AB99-A02489E48619}.Debug|Any CPU.ActiveCfg = Debug|Any CPU
		{4EB7B230-9176-4415-AB99-A02489E48619}.Debug|Any CPU.Build.0 = Debug|Any CPU
		{4EB7B230-9176-4415-AB99-A02489E48619}.Release|Any CPU.ActiveCfg = Release|Any CPU
		{4EB7B230-9176-4415-AB99-A02489E48619}.Release|Any CPU.Build.0 = Release|Any CPU
		{6F400DD3-ADA0-4A16-B766-C5A48A6E84EC}.Debug|Any CPU.ActiveCfg = Debug|Any CPU
		{6F400DD3-ADA0-4A16-B766-C5A48A6E84EC}.Debug|Any CPU.Build.0 = Debug|Any CPU
		{6F400DD3-ADA0-4A16-B766-C5A48A6E84EC}.Release|Any CPU.ActiveCfg = Release|Any CPU
		{6F400DD3-ADA0-4A16-B766-C5A48A6E84EC}.Release|Any CPU.Build.0 = Release|Any CPU
		{ACA5C18B-E2C1-4BF8-8AED-B9A2008141E0}.Debug|Any CPU.ActiveCfg = Debug|Any CPU
		{ACA5C18B-E2C1-4BF8-8AED-B9A2008141E0}.Debug|Any CPU.Build.0 = Debug|Any CPU
		{ACA5C18B-E2C1-4BF8-8AED-B9A2008141E0}.Release|Any CPU.ActiveCfg = Release|Any CPU
		{ACA5C18B-E2C1-4BF8-8AED-B9A2008141E0}.Release|Any CPU.Build.0 = Release|Any CPU
		{FF317D51-2381-4F5B-BDFF-C12239643E39}.Debug|Any CPU.ActiveCfg = Debug|Any CPU
		{FF317D51-2381-4F5B-BDFF-C12239643E39}.Debug|Any CPU.Build.0 = Debug|Any CPU
		{FF317D51-2381-4F5B-BDFF-C12239643E39}.Release|Any CPU.ActiveCfg = Release|Any CPU
		{FF317D51-2381-4F5B-BDFF-C12239643E39}.Release|Any CPU.Build.0 = Release|Any CPU
		{549C6C54-D85D-429D-BB33-46AA3FAF3BB5}.Debug|Any CPU.ActiveCfg = Debug|Any CPU
		{549C6C54-D85D-429D-BB33-46AA3FAF3BB5}.Debug|Any CPU.Build.0 = Debug|Any CPU
		{549C6C54-D85D-429D-BB33-46AA3FAF3BB5}.Release|Any CPU.ActiveCfg = Release|Any CPU
		{549C6C54-D85D-429D-BB33-46AA3FAF3BB5}.Release|Any CPU.Build.0 = Release|Any CPU
		{82F37ADC-977F-4D33-8AB0-7D79ECD76E2C}.Debug|Any CPU.ActiveCfg = Debug|Any CPU
		{82F37ADC-977F-4D33-8AB0-7D79ECD76E2C}.Debug|Any CPU.Build.0 = Debug|Any CPU
		{82F37ADC-977F-4D33-8AB0-7D79ECD76E2C}.Release|Any CPU.ActiveCfg = Release|Any CPU
		{82F37ADC-977F-4D33-8AB0-7D79ECD76E2C}.Release|Any CPU.Build.0 = Release|Any CPU
		{C7F32FBB-C9A5-439B-A22D-940838FADDC0}.Debug|Any CPU.ActiveCfg = Debug|Any CPU
		{C7F32FBB-C9A5-439B-A22D-940838FADDC0}.Debug|Any CPU.Build.0 = Debug|Any CPU
		{C7F32FBB-C9A5-439B-A22D-940838FADDC0}.Release|Any CPU.ActiveCfg = Release|Any CPU
		{C7F32FBB-C9A5-439B-A22D-940838FADDC0}.Release|Any CPU.Build.0 = Release|Any CPU
		{B0EAD0AB-EC9D-4606-95B7-C3F0D6DF9CF6}.Debug|Any CPU.ActiveCfg = Debug|Any CPU
		{B0EAD0AB-EC9D-4606-95B7-C3F0D6DF9CF6}.Debug|Any CPU.Build.0 = Debug|Any CPU
		{B0EAD0AB-EC9D-4606-95B7-C3F0D6DF9CF6}.Release|Any CPU.ActiveCfg = Release|Any CPU
		{B0EAD0AB-EC9D-4606-95B7-C3F0D6DF9CF6}.Release|Any CPU.Build.0 = Release|Any CPU
		{46130312-B306-4C06-9498-9C552E3788B4}.Debug|Any CPU.ActiveCfg = Debug|Any CPU
		{46130312-B306-4C06-9498-9C552E3788B4}.Debug|Any CPU.Build.0 = Debug|Any CPU
		{46130312-B306-4C06-9498-9C552E3788B4}.Release|Any CPU.ActiveCfg = Release|Any CPU
		{46130312-B306-4C06-9498-9C552E3788B4}.Release|Any CPU.Build.0 = Release|Any CPU
		{F71413C2-0C2E-4E44-BF04-ECACC278049F}.Debug|Any CPU.ActiveCfg = Debug|Any CPU
		{F71413C2-0C2E-4E44-BF04-ECACC278049F}.Debug|Any CPU.Build.0 = Debug|Any CPU
		{F71413C2-0C2E-4E44-BF04-ECACC278049F}.Release|Any CPU.ActiveCfg = Release|Any CPU
		{F71413C2-0C2E-4E44-BF04-ECACC278049F}.Release|Any CPU.Build.0 = Release|Any CPU
		{2248C59E-DD9F-459C-95A8-CBDB0F847D65}.Debug|Any CPU.ActiveCfg = Debug|Any CPU
		{2248C59E-DD9F-459C-95A8-CBDB0F847D65}.Debug|Any CPU.Build.0 = Debug|Any CPU
		{2248C59E-DD9F-459C-95A8-CBDB0F847D65}.Release|Any CPU.ActiveCfg = Release|Any CPU
		{2248C59E-DD9F-459C-95A8-CBDB0F847D65}.Release|Any CPU.Build.0 = Release|Any CPU
		{BABAC025-0F17-46D5-9AB9-D4894C558A98}.Debug|Any CPU.ActiveCfg = Debug|Any CPU
		{BABAC025-0F17-46D5-9AB9-D4894C558A98}.Debug|Any CPU.Build.0 = Debug|Any CPU
		{BABAC025-0F17-46D5-9AB9-D4894C558A98}.Release|Any CPU.ActiveCfg = Release|Any CPU
		{BABAC025-0F17-46D5-9AB9-D4894C558A98}.Release|Any CPU.Build.0 = Release|Any CPU
	EndGlobalSection
	GlobalSection(NestedProjects) = preSolution
		{A2BD7102-EEF1-4FEF-B8B5-0AB0058BE811} = {A4346FEB-10A5-47FC-9C02-C52EDAB8B6B1}
		{8877A41D-09AB-4F31-AC3E-6D24D0A040B2} = {A4346FEB-10A5-47FC-9C02-C52EDAB8B6B1}
		{D1CB9B04-DFD6-4BB9-A0EA-8E13A26884E2} = {A4346FEB-10A5-47FC-9C02-C52EDAB8B6B1}
		{E18BEE80-2919-47CA-A2AB-CF0FBB45477D} = {A4346FEB-10A5-47FC-9C02-C52EDAB8B6B1}
		{3D0FEDB4-5B3E-494A-86E9-3AF9F5888F1A} = {A4346FEB-10A5-47FC-9C02-C52EDAB8B6B1}
		{4EB7B230-9176-4415-AB99-A02489E48619} = {A2BD7102-EEF1-4FEF-B8B5-0AB0058BE811}
		{6F400DD3-ADA0-4A16-B766-C5A48A6E84EC} = {A2BD7102-EEF1-4FEF-B8B5-0AB0058BE811}
		{ACA5C18B-E2C1-4BF8-8AED-B9A2008141E0} = {D1CB9B04-DFD6-4BB9-A0EA-8E13A26884E2}
		{FF317D51-2381-4F5B-BDFF-C12239643E39} = {D1CB9B04-DFD6-4BB9-A0EA-8E13A26884E2}
		{549C6C54-D85D-429D-BB33-46AA3FAF3BB5} = {D1CB9B04-DFD6-4BB9-A0EA-8E13A26884E2}
		{DED1C9EE-EEF1-4115-B4EA-E2A775BE8C8E} = {A4346FEB-10A5-47FC-9C02-C52EDAB8B6B1}
		{82F37ADC-977F-4D33-8AB0-7D79ECD76E2C} = {DED1C9EE-EEF1-4115-B4EA-E2A775BE8C8E}
		{C7F32FBB-C9A5-439B-A22D-940838FADDC0} = {DED1C9EE-EEF1-4115-B4EA-E2A775BE8C8E}
		{B0EAD0AB-EC9D-4606-95B7-C3F0D6DF9CF6} = {DED1C9EE-EEF1-4115-B4EA-E2A775BE8C8E}
		{46130312-B306-4C06-9498-9C552E3788B4} = {E18BEE80-2919-47CA-A2AB-CF0FBB45477D}
		{F71413C2-0C2E-4E44-BF04-ECACC278049F} = {E18BEE80-2919-47CA-A2AB-CF0FBB45477D}
		{2248C59E-DD9F-459C-95A8-CBDB0F847D65} = {E18BEE80-2919-47CA-A2AB-CF0FBB45477D}
		{BABAC025-0F17-46D5-9AB9-D4894C558A98} = {3D0FEDB4-5B3E-494A-86E9-3AF9F5888F1A}
	EndGlobalSection
EndGlobal
